
Microsoft Visual Studio Solution File, Format Version 12.00
# Visual Studio 15
VisualStudioVersion = 15.0.27428.2037
MinimumVisualStudioVersion = 10.0.40219.1
Project("{FAE04EC0-301F-11D3-BF4B-00C04F79EFBC}") = "SimpleCrypter", "SimpleCrypter\SimpleCrypter.csproj", "{ECB3EBB8-EA34-45B0-A377-FE38D8C966B0}"
EndProject
Global
	GlobalSection(SolutionConfigurationPlatforms) = preSolution
		Debug|Any CPU = Debug|Any CPU
		Release|Any CPU = Release|Any CPU
	EndGlobalSection
	GlobalSection(ProjectConfigurationPlatforms) = postSolution
		{ECB3EBB8-EA34-45B0-A377-FE38D8C966B0}.Debug|Any CPU.ActiveCfg = Debug|Any CPU
		{ECB3EBB8-EA34-45B0-A377-FE38D8C966B0}.Debug|Any CPU.Build.0 = Debug|Any CPU
		{ECB3EBB8-EA34-45B0-A377-FE38D8C966B0}.Release|Any CPU.ActiveCfg = Release|Any CPU
		{ECB3EBB8-EA34-45B0-A377-FE38D8C966B0}.Release|Any CPU.Build.0 = Release|Any CPU
	EndGlobalSection
	GlobalSection(SolutionProperties) = preSolution
		HideSolutionNode = FALSE
	EndGlobalSection
	GlobalSection(ExtensibilityGlobals) = postSolution
		SolutionGuid = {3A884DAB-47F0-46AF-A894-002085C5ACDD}
	EndGlobalSection
EndGlobal
